{
  "name": "playwright-workshop",
  "version": "1.0.0",
  "lockfileVersion": 3,
  "requires": true,
  "packages": {
    "": {
      "name": "playwright-workshop",
      "version": "1.0.0",
      "license": "ISC",
      "devDependencies": {
        "@playwright/test": "^1.34.3",
        "allure-commandline": "^2.26.0",
        "allure-playwright": "^2.11.1",
        "prettier": "^2.8.8"
      }
    },
    "node_modules/@playwright/test": {
      "version": "1.34.3",
      "resolved": "https://registry.npmjs.org/@playwright/test/-/test-1.34.3.tgz",
      "integrity": "sha512-zPLef6w9P6T/iT6XDYG3mvGOqOyb6eHaV9XtkunYs0+OzxBtrPAAaHotc0X+PJ00WPPnLfFBTl7mf45Mn8DBmw==",
      "dev": true,
      "dependencies": {
        "@types/node": "*",
        "playwright-core": "1.34.3"
      },
      "bin": {
        "playwright": "cli.js"
      },
      "engines": {
        "node": ">=14"
      },
      "optionalDependencies": {
        "fsevents": "2.3.2"
      }
    },
    "node_modules/@types/node": {
      "version": "20.2.5",
      "resolved": "https://registry.npmjs.org/@types/node/-/node-20.2.5.tgz",
      "integrity": "sha512-JJulVEQXmiY9Px5axXHeYGLSjhkZEnD+MDPDGbCbIAbMslkKwmygtZFy1X6s/075Yo94sf8GuSlFfPzysQrWZQ==",
      "dev": true
    },
    "node_modules/allure-commandline": {
      "version": "2.26.0",
      "resolved": "https://registry.npmjs.org/allure-commandline/-/allure-commandline-2.26.0.tgz",
      "integrity": "sha512-udKAxlKUfhD6iH3YuR8nPF72nxHYGJItqgqSvI1pJCLlO1hJHhctfwkQbtKgXugRB6d0Uf8AYUSIXobojRVPOg==",
      "dev": true,
      "bin": {
        "allure": "bin/allure"
      }
    },
    "node_modules/allure-js-commons": {
      "version": "2.11.1",
      "resolved": "https://registry.npmjs.org/allure-js-commons/-/allure-js-commons-2.11.1.tgz",
      "integrity": "sha512-A7Eiofwj46JBbK2XsM9FKmbhTYrdok+5M2EzI5ueJ/S+T12xvINBrrKdtjkqFvz/oH9qA/iKHawlJc4MSQbxLQ==",
      "dev": true,
      "dependencies": {
        "properties": "^1.2.1"
      }
    },
    "node_modules/allure-playwright": {
      "version": "2.11.1",
      "resolved": "https://registry.npmjs.org/allure-playwright/-/allure-playwright-2.11.1.tgz",
      "integrity": "sha512-xzSFJ5Xrc8AxMM9fkpvvEOwjcuGWUiksx3mQiWFHALpUS1cgsJxm5M30omgqe6/rfbMBsIM2w4ufMts4N37+2w==",
      "dev": true,
      "dependencies": {
        "allure-js-commons": "2.11.1"
      }
    },
    "node_modules/fsevents": {
      "version": "2.3.2",
      "resolved": "https://registry.npmjs.org/fsevents/-/fsevents-2.3.2.tgz",
      "integrity": "sha512-xiqMQR4xAeHTuB9uWm+fFRcIOgKBMiOBP+eXiyT7jsgVCq1bkVygt00oASowB7EdtpOHaaPgKt812P9ab+DDKA==",
      "dev": true,
      "hasInstallScript": true,
      "optional": true,
      "os": [
        "darwin"
      ],
      "engines": {
        "node": "^8.16.0 || ^10.6.0 || >=11.0.0"
      }
    },
    "node_modules/playwright-core": {
      "version": "1.34.3",
      "resolved": "https://registry.npmjs.org/playwright-core/-/playwright-core-1.34.3.tgz",
      "integrity": "sha512-2pWd6G7OHKemc5x1r1rp8aQcpvDh7goMBZlJv6Co5vCNLVcQJdhxRL09SGaY6HcyHH9aT4tiynZabMofVasBYw==",
      "dev": true,
      "bin": {
        "playwright-core": "cli.js"
      },
      "engines": {
        "node": ">=14"
      }
    },
    "node_modules/prettier": {
      "version": "2.8.8",
      "resolved": "https://registry.npmjs.org/prettier/-/prettier-2.8.8.tgz",
      "integrity": "sha512-tdN8qQGvNjw4CHbY+XXk0JgCXn9QiF21a55rBe5LJAU+kDyC4WQn4+awm2Xfk2lQMk5fKup9XgzTZtGkjBdP9Q==",
      "dev": true,
      "bin": {
        "prettier": "bin-prettier.js"
      },
      "engines": {
        "node": ">=10.13.0"
      },
      "funding": {
        "url": "https://github.com/prettier/prettier?sponsor=1"
      }
    },
    "node_modules/properties": {
      "version": "1.2.1",
      "resolved": "https://registry.npmjs.org/properties/-/properties-1.2.1.tgz",
      "integrity": "sha512-qYNxyMj1JeW54i/EWEFsM1cVwxJbtgPp8+0Wg9XjNaK6VE/c4oRi6PNu5p7w1mNXEIQIjV5Wwn8v8Gz82/QzdQ==",
      "dev": true,
      "engines": {
        "node": ">=0.10"
      }
    }
  }
}
